
Microsoft Visual Studio Solution File, Format Version 12.00
# Visual Studio Version 16
VisualStudioVersion = 16.0.31105.61
MinimumVisualStudioVersion = 10.0.40219.1
Project("{FAE04EC0-301F-11D3-BF4B-00C04F79EFBC}") = "HilbertCurve", "HilbertCurve.csproj", "{5AF2F255-4533-4E87-84FF-5E933F441FC4}"
EndProject
Global
	GlobalSection(SolutionConfigurationPlatforms) = preSolution
		Debug|Any CPU = Debug|Any CPU
		Release|Any CPU = Release|Any CPU
	EndGlobalSection
	GlobalSection(ProjectConfigurationPlatforms) = postSolution
		{5AF2F255-4533-4E87-84FF-5E933F441FC4}.Debug|Any CPU.ActiveCfg = Debug|Any CPU
		{5AF2F255-4533-4E87-84FF-5E933F441FC4}.Debug|Any CPU.Build.0 = Debug|Any CPU
		{5AF2F255-4533-4E87-84FF-5E933F441FC4}.Release|Any CPU.ActiveCfg = Release|Any CPU
		{5AF2F255-4533-4E87-84FF-5E933F441FC4}.Release|Any CPU.Build.0 = Release|Any CPU
	EndGlobalSection
	GlobalSection(SolutionProperties) = preSolution
		HideSolutionNode = FALSE
	EndGlobalSection
	GlobalSection(ExtensibilityGlobals) = postSolution
		SolutionGuid = {707925DF-83AF-43C9-B661-E0419BC07968}
	EndGlobalSection
EndGlobal
